
Microsoft Visual Studio Solution File, Format Version 12.00
# Visual Studio Version 17
VisualStudioVersion = 17.3.32922.545
MinimumVisualStudioVersion = 10.0.40219.1
Project("{FAE04EC0-301F-11D3-BF4B-00C04F79EFBC}") = "VK3_KT3", "VK3_KT3\VK3_KT3.csproj", "{38922646-C2E1-4051-BFF6-B6A6BC80103C}"
EndProject
Global
	GlobalSection(SolutionConfigurationPlatforms) = preSolution
		Debug|Any CPU = Debug|Any CPU
		Release|Any CPU = Release|Any CPU
	EndGlobalSection
	GlobalSection(ProjectConfigurationPlatforms) = postSolution
		{38922646-C2E1-4051-BFF6-B6A6BC80103C}.Debug|Any CPU.ActiveCfg = Debug|Any CPU
		{38922646-C2E1-4051-BFF6-B6A6BC80103C}.Debug|Any CPU.Build.0 = Debug|Any CPU
		{38922646-C2E1-4051-BFF6-B6A6BC80103C}.Release|Any CPU.ActiveCfg = Release|Any CPU
		{38922646-C2E1-4051-BFF6-B6A6BC80103C}.Release|Any CPU.Build.0 = Release|Any CPU
	EndGlobalSection
	GlobalSection(SolutionProperties) = preSolution
		HideSolutionNode = FALSE
	EndGlobalSection
	GlobalSection(ExtensibilityGlobals) = postSolution
		SolutionGuid = {6CDF9378-7218-41E8-8CAB-8EBD3F840116}
	EndGlobalSection
EndGlobal
